
Microsoft Visual Studio Solution File, Format Version 12.00
# Visual Studio Version 16
VisualStudioVersion = 16.0.31624.102
MinimumVisualStudioVersion = 10.0.40219.1
Project("{FAE04EC0-301F-11D3-BF4B-00C04F79EFBC}") = "NeqPass.GUI", "NeqPass.GUI\NeqPass.GUI.csproj", "{B19A2516-9AE9-46F8-AA6C-DD5D788E08D0}"
EndProject
Project("{FAE04EC0-301F-11D3-BF4B-00C04F79EFBC}") = "NeqPass.Core", "NeqPass.Core\NeqPass.Core.csproj", "{5C8DCF54-CF7C-4648-B7D0-94657D581A40}"
EndProject
Global
	GlobalSection(SolutionConfigurationPlatforms) = preSolution
		Debug|Any CPU = Debug|Any CPU
		Release|Any CPU = Release|Any CPU
	EndGlobalSection
	GlobalSection(ProjectConfigurationPlatforms) = postSolution
		{B19A2516-9AE9-46F8-AA6C-DD5D788E08D0}.Debug|Any CPU.ActiveCfg = Debug|Any CPU
		{B19A2516-9AE9-46F8-AA6C-DD5D788E08D0}.Debug|Any CPU.Build.0 = Debug|Any CPU
		{B19A2516-9AE9-46F8-AA6C-DD5D788E08D0}.Release|Any CPU.ActiveCfg = Release|Any CPU
		{B19A2516-9AE9-46F8-AA6C-DD5D788E08D0}.Release|Any CPU.Build.0 = Release|Any CPU
		{5C8DCF54-CF7C-4648-B7D0-94657D581A40}.Debug|Any CPU.ActiveCfg = Debug|Any CPU
		{5C8DCF54-CF7C-4648-B7D0-94657D581A40}.Debug|Any CPU.Build.0 = Debug|Any CPU
		{5C8DCF54-CF7C-4648-B7D0-94657D581A40}.Release|Any CPU.ActiveCfg = Release|Any CPU
		{5C8DCF54-CF7C-4648-B7D0-94657D581A40}.Release|Any CPU.Build.0 = Release|Any CPU
	EndGlobalSection
	GlobalSection(SolutionProperties) = preSolution
		HideSolutionNode = FALSE
	EndGlobalSection
	GlobalSection(ExtensibilityGlobals) = postSolution
		SolutionGuid = {19F4A7AA-C31A-4C1B-9180-EC22A9C0B695}
	EndGlobalSection
EndGlobal
